# THIS IS AN AUTOGENERATED FILE. DO NOT EDIT THIS FILE DIRECTLY.
# yarn lockfile v1


StringScanner@~0.0.3:
  version "0.0.3"
  resolved "https://npm.groupondev.com:443/api/npm/npm-release/StringScanner/-/StringScanner-0.0.3.tgz#bf06ecfdc90046711f4e6175549243b78ceb38aa"

abbrev@1:
  version "1.1.0"
  resolved "https://npm.groupondev.com:443/api/npm/npm-release/abbrev/-/abbrev-1.1.0.tgz#d0554c2256636e2f56e7c2e5ad183f859428d81f"

amdefine@>=0.0.4:
  version "1.0.1"
  resolved "https://npm.groupondev.com:443/api/npm/npm-release/amdefine/-/amdefine-1.0.1.tgz#4a5282ac164729e93619bcfd3ad151f817ce91f5"

coffee-script-redux@2.0.0-beta8:
  version "2.0.0-beta8"
  resolved "https://npm.groupondev.com:443/api/npm/npm-release/coffee-script-redux/-/coffee-script-redux-2.0.0-beta8.tgz#0fd7b8417340dd0d339e8f6fd8b4b8716956e8d5"
  dependencies:
    StringScanner "~0.0.3"
    nopt "~2.1.2"
  optionalDependencies:
    cscodegen "git://github.com/michaelficarra/cscodegen.git#73fd7202ac086c26f18c9d56f025b18b3c6f5383"
    escodegen "~0.0.24"
    esmangle "~0.0.8"
    source-map "0.1.11"

coffee-script@^1.12.7:
  version "1.12.7"
  resolved "https://npm.groupondev.com:443/api/npm/npm-release/coffee-script/-/coffee-script-1.12.7.tgz#c05dae0cb79591d05b3070a8433a98c9a89ccc53"

"cscodegen@git://github.com/michaelficarra/cscodegen.git#73fd7202ac086c26f18c9d56f025b18b3c6f5383":
  version "0.1.0"
  resolved "git://github.com/michaelficarra/cscodegen.git#73fd7202ac086c26f18c9d56f025b18b3c6f5383"

"escodegen@~ 0.0.28", escodegen@~0.0.24:
  version "0.0.28"
  resolved "https://npm.groupondev.com:443/api/npm/npm-release/escodegen/-/escodegen-0.0.28.tgz#0e4ff1715f328775d6cab51ac44a406cd7abffd3"
  dependencies:
    esprima "~1.0.2"
    estraverse "~1.3.0"
  optionalDependencies:
    source-map ">= 0.1.2"

"escope@~ 1.0.0":
  version "1.0.3"
  resolved "https://npm.groupondev.com:443/api/npm/npm-release/escope/-/escope-1.0.3.tgz#759dce8496c4248fec2d0caaf4108bcf3f1a7f5d"
  dependencies:
    estraverse "^2.0.0"

esmangle@~0.0.8:
  version "0.0.17"
  resolved "https://npm.groupondev.com:443/api/npm/npm-release/esmangle/-/esmangle-0.0.17.tgz#4c5c93607cde5d1276bad396e836229dba68d90c"
  dependencies:
    escodegen "~ 0.0.28"
    escope "~ 1.0.0"
    esprima "~ 1.0.2"
    esshorten "~ 0.0.2"
    estraverse "~ 1.3.2"
    optimist "*"
    source-map "~ 0.1.8"

"esprima@~ 1.0.2", esprima@~1.0.2:
  version "1.0.4"
  resolved "https://npm.groupondev.com:443/api/npm/npm-release/esprima/-/esprima-1.0.4.tgz#9f557e08fc3b4d26ece9dd34f8fbf476b62585ad"

"esshorten@~ 0.0.2":
  version "0.0.2"
  resolved "https://npm.groupondev.com:443/api/npm/npm-release/esshorten/-/esshorten-0.0.2.tgz#28a652f1efd40c8e227f8c6de7dbe6b560ee8129"
  dependencies:
    escope "~ 1.0.0"
    estraverse "~ 1.2.0"

estraverse@^2.0.0:
  version "2.0.0"
  resolved "https://npm.groupondev.com:443/api/npm/npm-release/estraverse/-/estraverse-2.0.0.tgz#5ae46963243600206674ccb24a09e16674fcdca1"

"estraverse@~ 1.2.0":
  version "1.2.0"
  resolved "https://npm.groupondev.com:443/api/npm/npm-release/estraverse/-/estraverse-1.2.0.tgz#6a3dc8a46a5d6766e5668639fc782976ce5660fd"

"estraverse@~ 1.3.2", estraverse@~1.3.0:
  version "1.3.2"
  resolved "https://npm.groupondev.com:443/api/npm/npm-release/estraverse/-/estraverse-1.3.2.tgz#37c2b893ef13d723f276d878d60d8535152a6c42"

grunt-coffee-redux@^0.2.4:
  version "0.2.4"
  resolved "https://npm.groupondev.com:443/api/npm/npm-release/grunt-coffee-redux/-/grunt-coffee-redux-0.2.4.tgz#5e4ac5c03479d5f08de575d66358d5fe9314635a"
  dependencies:
    coffee-script-redux "2.0.0-beta8"

minimist@~0.0.1:
  version "0.0.10"
  resolved "https://npm.groupondev.com:443/api/npm/npm-release/minimist/-/minimist-0.0.10.tgz#de3f98543dbf96082be48ad1a0c7cda836301dcf"

nopt@~2.1.2:
  version "2.1.2"
  resolved "https://npm.groupondev.com:443/api/npm/npm-release/nopt/-/nopt-2.1.2.tgz#6cccd977b80132a07731d6e8ce58c2c8303cf9af"
  dependencies:
    abbrev "1"

optimist@*:
  version "0.6.1"
  resolved "https://npm.groupondev.com:443/api/npm/npm-release/optimist/-/optimist-0.6.1.tgz#da3ea74686fa21a19a111c326e90eb15a0196686"
  dependencies:
    minimist "~0.0.1"
    wordwrap "~0.0.2"

source-map@0.1.11:
  version "0.1.11"
  resolved "https://npm.groupondev.com:443/api/npm/npm-release/source-map/-/source-map-0.1.11.tgz#2eef2fd65a74c179880ae5ee6975d99ce21eb7b4"
  dependencies:
    amdefine ">=0.0.4"

"source-map@>= 0.1.2":
  version "0.5.7"
  resolved "https://npm.groupondev.com:443/api/npm/npm-release/source-map/-/source-map-0.5.7.tgz#8a039d2d1021d22d1ea14c80d8ea468ba2ef3fcc"

"source-map@~ 0.1.8":
  version "0.1.43"
  resolved "https://npm.groupondev.com:443/api/npm/npm-release/source-map/-/source-map-0.1.43.tgz#c24bc146ca517c1471f5dacbe2571b2b7f9e3346"
  dependencies:
    amdefine ">=0.0.4"

wordwrap@~0.0.2:
  version "0.0.3"
  resolved "https://npm.groupondev.com:443/api/npm/npm-release/wordwrap/-/wordwrap-0.0.3.tgz#a3d5da6cd5c0bc0008d37234bbaf1bed63059107"
